
Microsoft Visual Studio Solution File, Format Version 12.00
# Visual Studio Version 17
VisualStudioVersion = 17.8.34525.116
MinimumVisualStudioVersion = 10.0.40219.1
Project("{FAE04EC0-301F-11D3-BF4B-00C04F79EFBC}") = "Metotlar", "Metotlar.csproj", "{A5FEEE54-C7A2-4470-94DF-5FFAA36ADA9F}"
EndProject
Project("{FAE04EC0-301F-11D3-BF4B-00C04F79EFBC}") = "Matematik", "..\Matematik\Matematik.csproj", "{B35763B5-4480-4CCA-BE99-9C3F13E5CD76}"
EndProject
Project("{FAE04EC0-301F-11D3-BF4B-00C04F79EFBC}") = "DegerVeReferansTipler", "..\DegerVeReferansTipler\DegerVeReferansTipler.csproj", "{997935CC-4CC6-4713-A65D-44127390E914}"
EndProject
Project("{FAE04EC0-301F-11D3-BF4B-00C04F79EFBC}") = "Methods", "..\Methods\Methods.csproj", "{86343A4D-3CE8-4038-9577-7352FF19C2D5}"
EndProject
Project("{FAE04EC0-301F-11D3-BF4B-00C04F79EFBC}") = "Arrays", "..\Arrays\Arrays.csproj", "{77741CC9-E0ED-47D8-B1A2-05C1C0D7B93F}"
EndProject
Project("{FAE04EC0-301F-11D3-BF4B-00C04F79EFBC}") = "OOP1", "..\OOP1\OOP1.csproj", "{1E489BE6-B515-437C-B8ED-FFFCEA81B3B1}"
EndProject
Project("{FAE04EC0-301F-11D3-BF4B-00C04F79EFBC}") = "Koleksiyonlar", "..\Koleksiyonlar\Koleksiyonlar.csproj", "{72E576C3-C50D-447A-980E-0CB847D7E058}"
EndProject
Project("{FAE04EC0-301F-11D3-BF4B-00C04F79EFBC}") = "GenericsIntro", "..\GenericsIntro\GenericsIntro.csproj", "{9D3FB953-AC68-4777-84D0-86B401E63DA2}"
EndProject
Project("{FAE04EC0-301F-11D3-BF4B-00C04F79EFBC}") = "ReferenceTypes", "..\ReferenceTypes\ReferenceTypes.csproj", "{EF3CF12A-F34E-452C-82A6-F1DB03135924}"
EndProject
Project("{FAE04EC0-301F-11D3-BF4B-00C04F79EFBC}") = "Constructor", "..\Constructor\Constructor.csproj", "{FBB9EAA6-D48D-4C40-8688-D57A28E473CA}"
EndProject
Project("{FAE04EC0-301F-11D3-BF4B-00C04F79EFBC}") = "Generics", "..\Generics\Generics.csproj", "{425B53A6-8FBA-4783-AF14-63421A890EA2}"
EndProject
Project("{FAE04EC0-301F-11D3-BF4B-00C04F79EFBC}") = "Intro2", "..\Intro2\Intro2.csproj", "{B71E0FD1-04AC-49E2-9A33-63D6116A5ECC}"
EndProject
Project("{FAE04EC0-301F-11D3-BF4B-00C04F79EFBC}") = "OOP2", "..\OOP2\OOP2.csproj", "{A9517783-17A5-4FFA-BA35-2919CC9C44C3}"
EndProject
Project("{FAE04EC0-301F-11D3-BF4B-00C04F79EFBC}") = "OOP3", "..\OOP3\OOP3.csproj", "{FE9FCE49-A134-474B-9055-EA91F4A98C59}"
EndProject
Global
	GlobalSection(SolutionConfigurationPlatforms) = preSolution
		Debug|Any CPU = Debug|Any CPU
		Release|Any CPU = Release|Any CPU
	EndGlobalSection
	GlobalSection(ProjectConfigurationPlatforms) = postSolution
		{A5FEEE54-C7A2-4470-94DF-5FFAA36ADA9F}.Debug|Any CPU.ActiveCfg = Debug|Any CPU
		{A5FEEE54-C7A2-4470-94DF-5FFAA36ADA9F}.Debug|Any CPU.Build.0 = Debug|Any CPU
		{A5FEEE54-C7A2-4470-94DF-5FFAA36ADA9F}.Release|Any CPU.ActiveCfg = Release|Any CPU
		{A5FEEE54-C7A2-4470-94DF-5FFAA36ADA9F}.Release|Any CPU.Build.0 = Release|Any CPU
		{B35763B5-4480-4CCA-BE99-9C3F13E5CD76}.Debug|Any CPU.ActiveCfg = Debug|Any CPU
		{B35763B5-4480-4CCA-BE99-9C3F13E5CD76}.Debug|Any CPU.Build.0 = Debug|Any CPU
		{B35763B5-4480-4CCA-BE99-9C3F13E5CD76}.Release|Any CPU.ActiveCfg = Release|Any CPU
		{B35763B5-4480-4CCA-BE99-9C3F13E5CD76}.Release|Any CPU.Build.0 = Release|Any CPU
		{997935CC-4CC6-4713-A65D-44127390E914}.Debug|Any CPU.ActiveCfg = Debug|Any CPU
		{997935CC-4CC6-4713-A65D-44127390E914}.Debug|Any CPU.Build.0 = Debug|Any CPU
		{997935CC-4CC6-4713-A65D-44127390E914}.Release|Any CPU.ActiveCfg = Release|Any CPU
		{997935CC-4CC6-4713-A65D-44127390E914}.Release|Any CPU.Build.0 = Release|Any CPU
		{86343A4D-3CE8-4038-9577-7352FF19C2D5}.Debug|Any CPU.ActiveCfg = Debug|Any CPU
		{86343A4D-3CE8-4038-9577-7352FF19C2D5}.Debug|Any CPU.Build.0 = Debug|Any CPU
		{86343A4D-3CE8-4038-9577-7352FF19C2D5}.Release|Any CPU.ActiveCfg = Release|Any CPU
		{86343A4D-3CE8-4038-9577-7352FF19C2D5}.Release|Any CPU.Build.0 = Release|Any CPU
		{77741CC9-E0ED-47D8-B1A2-05C1C0D7B93F}.Debug|Any CPU.ActiveCfg = Debug|Any CPU
		{77741CC9-E0ED-47D8-B1A2-05C1C0D7B93F}.Debug|Any CPU.Build.0 = Debug|Any CPU
		{77741CC9-E0ED-47D8-B1A2-05C1C0D7B93F}.Release|Any CPU.ActiveCfg = Release|Any CPU
		{77741CC9-E0ED-47D8-B1A2-05C1C0D7B93F}.Release|Any CPU.Build.0 = Release|Any CPU
		{1E489BE6-B515-437C-B8ED-FFFCEA81B3B1}.Debug|Any CPU.ActiveCfg = Debug|Any CPU
		{1E489BE6-B515-437C-B8ED-FFFCEA81B3B1}.Debug|Any CPU.Build.0 = Debug|Any CPU
		{1E489BE6-B515-437C-B8ED-FFFCEA81B3B1}.Release|Any CPU.ActiveCfg = Release|Any CPU
		{1E489BE6-B515-437C-B8ED-FFFCEA81B3B1}.Release|Any CPU.Build.0 = Release|Any CPU
		{72E576C3-C50D-447A-980E-0CB847D7E058}.Debug|Any CPU.ActiveCfg = Debug|Any CPU
		{72E576C3-C50D-447A-980E-0CB847D7E058}.Debug|Any CPU.Build.0 = Debug|Any CPU
		{72E576C3-C50D-447A-980E-0CB847D7E058}.Release|Any CPU.ActiveCfg = Release|Any CPU
		{72E576C3-C50D-447A-980E-0CB847D7E058}.Release|Any CPU.Build.0 = Release|Any CPU
		{9D3FB953-AC68-4777-84D0-86B401E63DA2}.Debug|Any CPU.ActiveCfg = Debug|Any CPU
		{9D3FB953-AC68-4777-84D0-86B401E63DA2}.Debug|Any CPU.Build.0 = Debug|Any CPU
		{9D3FB953-AC68-4777-84D0-86B401E63DA2}.Release|Any CPU.ActiveCfg = Release|Any CPU
		{9D3FB953-AC68-4777-84D0-86B401E63DA2}.Release|Any CPU.Build.0 = Release|Any CPU
		{EF3CF12A-F34E-452C-82A6-F1DB03135924}.Debug|Any CPU.ActiveCfg = Debug|Any CPU
		{EF3CF12A-F34E-452C-82A6-F1DB03135924}.Debug|Any CPU.Build.0 = Debug|Any CPU
		{EF3CF12A-F34E-452C-82A6-F1DB03135924}.Release|Any CPU.ActiveCfg = Release|Any CPU
		{EF3CF12A-F34E-452C-82A6-F1DB03135924}.Release|Any CPU.Build.0 = Release|Any CPU
		{FBB9EAA6-D48D-4C40-8688-D57A28E473CA}.Debug|Any CPU.ActiveCfg = Debug|Any CPU
		{FBB9EAA6-D48D-4C40-8688-D57A28E473CA}.Debug|Any CPU.Build.0 = Debug|Any CPU
		{FBB9EAA6-D48D-4C40-8688-D57A28E473CA}.Release|Any CPU.ActiveCfg = Release|Any CPU
		{FBB9EAA6-D48D-4C40-8688-D57A28E473CA}.Release|Any CPU.Build.0 = Release|Any CPU
		{425B53A6-8FBA-4783-AF14-63421A890EA2}.Debug|Any CPU.ActiveCfg = Debug|Any CPU
		{425B53A6-8FBA-4783-AF14-63421A890EA2}.Debug|Any CPU.Build.0 = Debug|Any CPU
		{425B53A6-8FBA-4783-AF14-63421A890EA2}.Release|Any CPU.ActiveCfg = Release|Any CPU
		{425B53A6-8FBA-4783-AF14-63421A890EA2}.Release|Any CPU.Build.0 = Release|Any CPU
		{B71E0FD1-04AC-49E2-9A33-63D6116A5ECC}.Debug|Any CPU.ActiveCfg = Debug|Any CPU
		{B71E0FD1-04AC-49E2-9A33-63D6116A5ECC}.Debug|Any CPU.Build.0 = Debug|Any CPU
		{B71E0FD1-04AC-49E2-9A33-63D6116A5ECC}.Release|Any CPU.ActiveCfg = Release|Any CPU
		{B71E0FD1-04AC-49E2-9A33-63D6116A5ECC}.Release|Any CPU.Build.0 = Release|Any CPU
		{A9517783-17A5-4FFA-BA35-2919CC9C44C3}.Debug|Any CPU.ActiveCfg = Debug|Any CPU
		{A9517783-17A5-4FFA-BA35-2919CC9C44C3}.Debug|Any CPU.Build.0 = Debug|Any CPU
		{A9517783-17A5-4FFA-BA35-2919CC9C44C3}.Release|Any CPU.ActiveCfg = Release|Any CPU
		{A9517783-17A5-4FFA-BA35-2919CC9C44C3}.Release|Any CPU.Build.0 = Release|Any CPU
		{FE9FCE49-A134-474B-9055-EA91F4A98C59}.Debug|Any CPU.ActiveCfg = Debug|Any CPU
		{FE9FCE49-A134-474B-9055-EA91F4A98C59}.Debug|Any CPU.Build.0 = Debug|Any CPU
		{FE9FCE49-A134-474B-9055-EA91F4A98C59}.Release|Any CPU.ActiveCfg = Release|Any CPU
		{FE9FCE49-A134-474B-9055-EA91F4A98C59}.Release|Any CPU.Build.0 = Release|Any CPU
	EndGlobalSection
	GlobalSection(SolutionProperties) = preSolution
		HideSolutionNode = FALSE
	EndGlobalSection
	GlobalSection(ExtensibilityGlobals) = postSolution
		SolutionGuid = {F7B2524B-0746-4E24-A6A1-E523A3A8D6F6}
	EndGlobalSection
EndGlobal
